
Microsoft Visual Studio Solution File, Format Version 12.00
# Visual Studio Version 17
VisualStudioVersion = 17.2.32526.322
MinimumVisualStudioVersion = 10.0.40219.1
Project("{FAE04EC0-301F-11D3-BF4B-00C04F79EFBC}") = "API_CodeFirts_CRUD", "API_CodeFirts_CRUD\API_CodeFirts_CRUD.csproj", "{BF7CD072-A20E-486F-9F09-13A8F978F2C0}"
EndProject
Project("{FAE04EC0-301F-11D3-BF4B-00C04F79EFBC}") = "DB_Entidades", "DB_Entidades\DB_Entidades.csproj", "{B2EC74D8-30CA-4E81-9A83-9E9450446643}"
EndProject
Global
	GlobalSection(SolutionConfigurationPlatforms) = preSolution
		Debug|Any CPU = Debug|Any CPU
		Release|Any CPU = Release|Any CPU
	EndGlobalSection
	GlobalSection(ProjectConfigurationPlatforms) = postSolution
		{BF7CD072-A20E-486F-9F09-13A8F978F2C0}.Debug|Any CPU.ActiveCfg = Debug|Any CPU
		{BF7CD072-A20E-486F-9F09-13A8F978F2C0}.Debug|Any CPU.Build.0 = Debug|Any CPU
		{BF7CD072-A20E-486F-9F09-13A8F978F2C0}.Release|Any CPU.ActiveCfg = Release|Any CPU
		{BF7CD072-A20E-486F-9F09-13A8F978F2C0}.Release|Any CPU.Build.0 = Release|Any CPU
		{B2EC74D8-30CA-4E81-9A83-9E9450446643}.Debug|Any CPU.ActiveCfg = Debug|Any CPU
		{B2EC74D8-30CA-4E81-9A83-9E9450446643}.Debug|Any CPU.Build.0 = Debug|Any CPU
		{B2EC74D8-30CA-4E81-9A83-9E9450446643}.Release|Any CPU.ActiveCfg = Release|Any CPU
		{B2EC74D8-30CA-4E81-9A83-9E9450446643}.Release|Any CPU.Build.0 = Release|Any CPU
	EndGlobalSection
	GlobalSection(SolutionProperties) = preSolution
		HideSolutionNode = FALSE
	EndGlobalSection
	GlobalSection(ExtensibilityGlobals) = postSolution
		SolutionGuid = {53137D8F-2455-4B73-A0BB-3A95941CC9A6}
	EndGlobalSection
EndGlobal
